
Microsoft Visual Studio Solution File, Format Version 12.00
# Visual Studio Version 17
VisualStudioVersion = 17.1.32421.90
MinimumVisualStudioVersion = 10.0.40219.1
Project("{9A19103F-16F7-4668-BE54-9A1E7A4F7556}") = "InternationalWagesManager.Views", "InternationalWagesManager.Views\InternationalWagesManager.Views.csproj", "{BFE631B6-41EB-4F82-B748-85A91DC949A0}"
EndProject
Project("{9A19103F-16F7-4668-BE54-9A1E7A4F7556}") = "InternationalWagesManager.Models", "InternationalWagesManager.Models\InternationalWagesManager.Models.csproj", "{6EB925B6-6A5F-4410-B13D-36D937DE58D6}"
EndProject
Project("{9A19103F-16F7-4668-BE54-9A1E7A4F7556}") = "InternationalWagesManager.DTO", "InternationalWagesManager.DTO\InternationalWagesManager.DTO.csproj", "{818424AD-F566-4184-80E3-87F55DAD4CFF}"
EndProject
Project("{9A19103F-16F7-4668-BE54-9A1E7A4F7556}") = "InternationalWagesManager.DAL", "InternationalWagesManager.DAL\InternationalWagesManager.DAL.csproj", "{D403AFCC-C200-4945-ABC5-6BA84E5D9948}"
EndProject
Project("{2150E333-8FDC-42A3-9474-1A3956D46DE8}") = "Solution Items", "Solution Items", "{36858CD9-23BE-4E13-9380-FB4DC7480C72}"
	ProjectSection(SolutionItems) = preProject
		.editorconfig = .editorconfig
	EndProjectSection
EndProject
Project("{9A19103F-16F7-4668-BE54-9A1E7A4F7556}") = "InternationalWagesManager.Domain", "InternationalWagesManager.Domain\InternationalWagesManager.Domain.csproj", "{8195597F-6143-4DDA-9572-6559CAF3E3E0}"
EndProject
Project("{9A19103F-16F7-4668-BE54-9A1E7A4F7556}") = "InternationalWagesManager.WPFViewModels", "InternationalWagesManager.ViewModels\InternationalWagesManager.WPFViewModels.csproj", "{12BE14D9-62E9-4C76-88B5-11742B55A957}"
EndProject
Project("{9A19103F-16F7-4668-BE54-9A1E7A4F7556}") = "BlazorClient", "BlazorClient\BlazorClient.csproj", "{DA231B59-45B9-4BD3-BF61-6CEE30E9F468}"
EndProject
Project("{9A19103F-16F7-4668-BE54-9A1E7A4F7556}") = "WebApi", "WebApi\WebApi.csproj", "{4CF6919C-13A9-4817-A8DA-06F941CC37A3}"
EndProject
Project("{9A19103F-16F7-4668-BE54-9A1E7A4F7556}") = "ApiContracts", "ApiContracts\ApiContracts.csproj", "{578BE09B-8A4E-47D5-AE32-EF91B9DCBA38}"
EndProject
Project("{9A19103F-16F7-4668-BE54-9A1E7A4F7556}") = "MVC", "MVC\MVC.csproj", "{C3A508F3-BC9E-4E1E-A687-F558968E465C}"
EndProject
Project("{9A19103F-16F7-4668-BE54-9A1E7A4F7556}") = "Web", "Web\Web.csproj", "{9C0F386F-E73C-4E4E-8977-0B1020326D83}"
EndProject
Project("{54A90642-561A-4BB1-A94E-469ADEE60C69}") = "AngularClient", "AngularClient\AngularClient.esproj", "{05E0D7C8-A7D5-4E17-9D7A-07DB425F6896}"
EndProject
Global
	GlobalSection(SolutionConfigurationPlatforms) = preSolution
		Debug|Any CPU = Debug|Any CPU
		Release|Any CPU = Release|Any CPU
	EndGlobalSection
	GlobalSection(ProjectConfigurationPlatforms) = postSolution
		{BFE631B6-41EB-4F82-B748-85A91DC949A0}.Debug|Any CPU.ActiveCfg = Debug|Any CPU
		{BFE631B6-41EB-4F82-B748-85A91DC949A0}.Debug|Any CPU.Build.0 = Debug|Any CPU
		{BFE631B6-41EB-4F82-B748-85A91DC949A0}.Release|Any CPU.ActiveCfg = Release|Any CPU
		{BFE631B6-41EB-4F82-B748-85A91DC949A0}.Release|Any CPU.Build.0 = Release|Any CPU
		{6EB925B6-6A5F-4410-B13D-36D937DE58D6}.Debug|Any CPU.ActiveCfg = Debug|Any CPU
		{6EB925B6-6A5F-4410-B13D-36D937DE58D6}.Debug|Any CPU.Build.0 = Debug|Any CPU
		{6EB925B6-6A5F-4410-B13D-36D937DE58D6}.Release|Any CPU.ActiveCfg = Release|Any CPU
		{6EB925B6-6A5F-4410-B13D-36D937DE58D6}.Release|Any CPU.Build.0 = Release|Any CPU
		{818424AD-F566-4184-80E3-87F55DAD4CFF}.Debug|Any CPU.ActiveCfg = Debug|Any CPU
		{818424AD-F566-4184-80E3-87F55DAD4CFF}.Debug|Any CPU.Build.0 = Debug|Any CPU
		{818424AD-F566-4184-80E3-87F55DAD4CFF}.Release|Any CPU.ActiveCfg = Release|Any CPU
		{818424AD-F566-4184-80E3-87F55DAD4CFF}.Release|Any CPU.Build.0 = Release|Any CPU
		{D403AFCC-C200-4945-ABC5-6BA84E5D9948}.Debug|Any CPU.ActiveCfg = Debug|Any CPU
		{D403AFCC-C200-4945-ABC5-6BA84E5D9948}.Debug|Any CPU.Build.0 = Debug|Any CPU
		{D403AFCC-C200-4945-ABC5-6BA84E5D9948}.Release|Any CPU.ActiveCfg = Release|Any CPU
		{D403AFCC-C200-4945-ABC5-6BA84E5D9948}.Release|Any CPU.Build.0 = Release|Any CPU
		{8195597F-6143-4DDA-9572-6559CAF3E3E0}.Debug|Any CPU.ActiveCfg = Debug|Any CPU
		{8195597F-6143-4DDA-9572-6559CAF3E3E0}.Debug|Any CPU.Build.0 = Debug|Any CPU
		{8195597F-6143-4DDA-9572-6559CAF3E3E0}.Release|Any CPU.ActiveCfg = Release|Any CPU
		{8195597F-6143-4DDA-9572-6559CAF3E3E0}.Release|Any CPU.Build.0 = Release|Any CPU
		{12BE14D9-62E9-4C76-88B5-11742B55A957}.Debug|Any CPU.ActiveCfg = Debug|Any CPU
		{12BE14D9-62E9-4C76-88B5-11742B55A957}.Debug|Any CPU.Build.0 = Debug|Any CPU
		{12BE14D9-62E9-4C76-88B5-11742B55A957}.Release|Any CPU.ActiveCfg = Release|Any CPU
		{12BE14D9-62E9-4C76-88B5-11742B55A957}.Release|Any CPU.Build.0 = Release|Any CPU
		{DA231B59-45B9-4BD3-BF61-6CEE30E9F468}.Debug|Any CPU.ActiveCfg = Debug|Any CPU
		{DA231B59-45B9-4BD3-BF61-6CEE30E9F468}.Debug|Any CPU.Build.0 = Debug|Any CPU
		{DA231B59-45B9-4BD3-BF61-6CEE30E9F468}.Release|Any CPU.ActiveCfg = Release|Any CPU
		{DA231B59-45B9-4BD3-BF61-6CEE30E9F468}.Release|Any CPU.Build.0 = Release|Any CPU
		{4CF6919C-13A9-4817-A8DA-06F941CC37A3}.Debug|Any CPU.ActiveCfg = Debug|Any CPU
		{4CF6919C-13A9-4817-A8DA-06F941CC37A3}.Debug|Any CPU.Build.0 = Debug|Any CPU
		{4CF6919C-13A9-4817-A8DA-06F941CC37A3}.Release|Any CPU.ActiveCfg = Release|Any CPU
		{4CF6919C-13A9-4817-A8DA-06F941CC37A3}.Release|Any CPU.Build.0 = Release|Any CPU
		{578BE09B-8A4E-47D5-AE32-EF91B9DCBA38}.Debug|Any CPU.ActiveCfg = Debug|Any CPU
		{578BE09B-8A4E-47D5-AE32-EF91B9DCBA38}.Debug|Any CPU.Build.0 = Debug|Any CPU
		{578BE09B-8A4E-47D5-AE32-EF91B9DCBA38}.Release|Any CPU.ActiveCfg = Release|Any CPU
		{578BE09B-8A4E-47D5-AE32-EF91B9DCBA38}.Release|Any CPU.Build.0 = Release|Any CPU
		{C3A508F3-BC9E-4E1E-A687-F558968E465C}.Debug|Any CPU.ActiveCfg = Debug|Any CPU
		{C3A508F3-BC9E-4E1E-A687-F558968E465C}.Debug|Any CPU.Build.0 = Debug|Any CPU
		{C3A508F3-BC9E-4E1E-A687-F558968E465C}.Release|Any CPU.ActiveCfg = Release|Any CPU
		{C3A508F3-BC9E-4E1E-A687-F558968E465C}.Release|Any CPU.Build.0 = Release|Any CPU
		{9C0F386F-E73C-4E4E-8977-0B1020326D83}.Debug|Any CPU.ActiveCfg = Debug|Any CPU
		{9C0F386F-E73C-4E4E-8977-0B1020326D83}.Debug|Any CPU.Build.0 = Debug|Any CPU
		{9C0F386F-E73C-4E4E-8977-0B1020326D83}.Release|Any CPU.ActiveCfg = Release|Any CPU
		{9C0F386F-E73C-4E4E-8977-0B1020326D83}.Release|Any CPU.Build.0 = Release|Any CPU
		{05E0D7C8-A7D5-4E17-9D7A-07DB425F6896}.Debug|Any CPU.ActiveCfg = Debug|Any CPU
		{05E0D7C8-A7D5-4E17-9D7A-07DB425F6896}.Debug|Any CPU.Build.0 = Debug|Any CPU
		{05E0D7C8-A7D5-4E17-9D7A-07DB425F6896}.Debug|Any CPU.Deploy.0 = Debug|Any CPU
		{05E0D7C8-A7D5-4E17-9D7A-07DB425F6896}.Release|Any CPU.ActiveCfg = Release|Any CPU
		{05E0D7C8-A7D5-4E17-9D7A-07DB425F6896}.Release|Any CPU.Build.0 = Release|Any CPU
		{05E0D7C8-A7D5-4E17-9D7A-07DB425F6896}.Release|Any CPU.Deploy.0 = Release|Any CPU
	EndGlobalSection
	GlobalSection(SolutionProperties) = preSolution
		HideSolutionNode = FALSE
	EndGlobalSection
	GlobalSection(ExtensibilityGlobals) = postSolution
		SolutionGuid = {8FCE4393-0E5C-4F88-A09D-6DA3F430E6E1}
	EndGlobalSection
EndGlobal
